
Microsoft Visual Studio Solution File, Format Version 12.00
# Visual Studio 15
VisualStudioVersion = 15.0.26228.4
MinimumVisualStudioVersion = 10.0.40219.1
Project("{2150E333-8FDC-42A3-9474-1A3956D46DE8}") = "src", "src", "{033D0AB8-E9D1-477E-9A58-E700B968EF28}"
EndProject
Project("{2150E333-8FDC-42A3-9474-1A3956D46DE8}") = "tests", "tests", "{9197F56F-8CAF-45DC-9469-3BB6D31FB94A}"
EndProject
Project("{2150E333-8FDC-42A3-9474-1A3956D46DE8}") = "solution", "solution", "{5AFB91DA-947F-42EF-BC8B-7D1277D0689B}"
	ProjectSection(SolutionItems) = preProject
		NuGet.config = NuGet.config
		publish_nuget.sh = publish_nuget.sh
		readme.md = readme.md
		VERSION = VERSION
	EndProjectSection
EndProject
Project("{9A19103F-16F7-4668-BE54-9A1E7A4F7556}") = "HoveyTech.Autofac", "src\HoveyTech.Autofac\HoveyTech.Autofac.csproj", "{AA59B1E1-3B85-4555-8AEC-92F5B3C5C7E5}"
EndProject
Project("{9A19103F-16F7-4668-BE54-9A1E7A4F7556}") = "HoveyTech.Core", "src\HoveyTech.Core\HoveyTech.Core.csproj", "{F3839FED-4CA8-4CB2-9856-24E7D1FC7964}"
EndProject
Project("{9A19103F-16F7-4668-BE54-9A1E7A4F7556}") = "HoveyTech.Core.EfCore", "src\HoveyTech.Core.EfCore\HoveyTech.Core.EfCore.csproj", "{D42DC2EF-CDA9-44A7-8601-BDD19A4A1480}"
EndProject
Project("{9A19103F-16F7-4668-BE54-9A1E7A4F7556}") = "HoveyTech.Data.EfCore", "src\HoveyTech.Data.EfCore\HoveyTech.Data.EfCore.csproj", "{51FDF60E-B64D-4A52-88FF-E04FBCCC9DBB}"
EndProject
Project("{9A19103F-16F7-4668-BE54-9A1E7A4F7556}") = "HoveyTech.Data.EfCore.Autofac", "src\HoveyTech.Data.EfCore.Autofac\HoveyTech.Data.EfCore.Autofac.csproj", "{00570C62-75A6-4DA7-8B83-944B9197C9F6}"
EndProject
Project("{9A19103F-16F7-4668-BE54-9A1E7A4F7556}") = "HoveyTech.Core.EfCore.Tests", "tests\HoveyTech.Core.EfCore.Tests\HoveyTech.Core.EfCore.Tests.csproj", "{4181C258-B53E-4032-9119-02B4DAAA8BBD}"
EndProject
Project("{9A19103F-16F7-4668-BE54-9A1E7A4F7556}") = "HoveyTech.Core.Tests", "tests\HoveyTech.Core.Tests\HoveyTech.Core.Tests.csproj", "{8C832F92-F006-4146-A2AA-EE5E1E6CE121}"
EndProject
Project("{9A19103F-16F7-4668-BE54-9A1E7A4F7556}") = "HoveyTech.Data.EfCore.Tests", "tests\HoveyTech.Data.EfCore.Tests\HoveyTech.Data.EfCore.Tests.csproj", "{175030EE-2A10-44E9-BD49-D0C25FF7BCC4}"
EndProject
Project("{9A19103F-16F7-4668-BE54-9A1E7A4F7556}") = "HoveyTech.Tests.Console", "tests\HoveyTech.Tests.Console\HoveyTech.Tests.Console.csproj", "{30C41F77-5188-4DC7-8845-3B7C2D7656D7}"
EndProject
Global
	GlobalSection(SolutionConfigurationPlatforms) = preSolution
		Debug|Any CPU = Debug|Any CPU
		Release|Any CPU = Release|Any CPU
	EndGlobalSection
	GlobalSection(ProjectConfigurationPlatforms) = postSolution
		{AA59B1E1-3B85-4555-8AEC-92F5B3C5C7E5}.Debug|Any CPU.ActiveCfg = Debug|Any CPU
		{AA59B1E1-3B85-4555-8AEC-92F5B3C5C7E5}.Debug|Any CPU.Build.0 = Debug|Any CPU
		{AA59B1E1-3B85-4555-8AEC-92F5B3C5C7E5}.Release|Any CPU.ActiveCfg = Release|Any CPU
		{AA59B1E1-3B85-4555-8AEC-92F5B3C5C7E5}.Release|Any CPU.Build.0 = Release|Any CPU
		{F3839FED-4CA8-4CB2-9856-24E7D1FC7964}.Debug|Any CPU.ActiveCfg = Debug|Any CPU
		{F3839FED-4CA8-4CB2-9856-24E7D1FC7964}.Debug|Any CPU.Build.0 = Debug|Any CPU
		{F3839FED-4CA8-4CB2-9856-24E7D1FC7964}.Release|Any CPU.ActiveCfg = Release|Any CPU
		{F3839FED-4CA8-4CB2-9856-24E7D1FC7964}.Release|Any CPU.Build.0 = Release|Any CPU
		{D42DC2EF-CDA9-44A7-8601-BDD19A4A1480}.Debug|Any CPU.ActiveCfg = Debug|Any CPU
		{D42DC2EF-CDA9-44A7-8601-BDD19A4A1480}.Debug|Any CPU.Build.0 = Debug|Any CPU
		{D42DC2EF-CDA9-44A7-8601-BDD19A4A1480}.Release|Any CPU.ActiveCfg = Release|Any CPU
		{D42DC2EF-CDA9-44A7-8601-BDD19A4A1480}.Release|Any CPU.Build.0 = Release|Any CPU
		{51FDF60E-B64D-4A52-88FF-E04FBCCC9DBB}.Debug|Any CPU.ActiveCfg = Debug|Any CPU
		{51FDF60E-B64D-4A52-88FF-E04FBCCC9DBB}.Debug|Any CPU.Build.0 = Debug|Any CPU
		{51FDF60E-B64D-4A52-88FF-E04FBCCC9DBB}.Release|Any CPU.ActiveCfg = Release|Any CPU
		{51FDF60E-B64D-4A52-88FF-E04FBCCC9DBB}.Release|Any CPU.Build.0 = Release|Any CPU
		{00570C62-75A6-4DA7-8B83-944B9197C9F6}.Debug|Any CPU.ActiveCfg = Debug|Any CPU
		{00570C62-75A6-4DA7-8B83-944B9197C9F6}.Debug|Any CPU.Build.0 = Debug|Any CPU
		{00570C62-75A6-4DA7-8B83-944B9197C9F6}.Release|Any CPU.ActiveCfg = Release|Any CPU
		{00570C62-75A6-4DA7-8B83-944B9197C9F6}.Release|Any CPU.Build.0 = Release|Any CPU
		{4181C258-B53E-4032-9119-02B4DAAA8BBD}.Debug|Any CPU.ActiveCfg = Debug|Any CPU
		{4181C258-B53E-4032-9119-02B4DAAA8BBD}.Debug|Any CPU.Build.0 = Debug|Any CPU
		{4181C258-B53E-4032-9119-02B4DAAA8BBD}.Release|Any CPU.ActiveCfg = Release|Any CPU
		{4181C258-B53E-4032-9119-02B4DAAA8BBD}.Release|Any CPU.Build.0 = Release|Any CPU
		{8C832F92-F006-4146-A2AA-EE5E1E6CE121}.Debug|Any CPU.ActiveCfg = Debug|Any CPU
		{8C832F92-F006-4146-A2AA-EE5E1E6CE121}.Debug|Any CPU.Build.0 = Debug|Any CPU
		{8C832F92-F006-4146-A2AA-EE5E1E6CE121}.Release|Any CPU.ActiveCfg = Release|Any CPU
		{8C832F92-F006-4146-A2AA-EE5E1E6CE121}.Release|Any CPU.Build.0 = Release|Any CPU
		{175030EE-2A10-44E9-BD49-D0C25FF7BCC4}.Debug|Any CPU.ActiveCfg = Debug|Any CPU
		{175030EE-2A10-44E9-BD49-D0C25FF7BCC4}.Debug|Any CPU.Build.0 = Debug|Any CPU
		{175030EE-2A10-44E9-BD49-D0C25FF7BCC4}.Release|Any CPU.ActiveCfg = Release|Any CPU
		{175030EE-2A10-44E9-BD49-D0C25FF7BCC4}.Release|Any CPU.Build.0 = Release|Any CPU
		{30C41F77-5188-4DC7-8845-3B7C2D7656D7}.Debug|Any CPU.ActiveCfg = Debug|Any CPU
		{30C41F77-5188-4DC7-8845-3B7C2D7656D7}.Debug|Any CPU.Build.0 = Debug|Any CPU
		{30C41F77-5188-4DC7-8845-3B7C2D7656D7}.Release|Any CPU.ActiveCfg = Release|Any CPU
		{30C41F77-5188-4DC7-8845-3B7C2D7656D7}.Release|Any CPU.Build.0 = Release|Any CPU
	EndGlobalSection
	GlobalSection(SolutionProperties) = preSolution
		HideSolutionNode = FALSE
	EndGlobalSection
	GlobalSection(NestedProjects) = preSolution
		{AA59B1E1-3B85-4555-8AEC-92F5B3C5C7E5} = {033D0AB8-E9D1-477E-9A58-E700B968EF28}
		{F3839FED-4CA8-4CB2-9856-24E7D1FC7964} = {033D0AB8-E9D1-477E-9A58-E700B968EF28}
		{D42DC2EF-CDA9-44A7-8601-BDD19A4A1480} = {033D0AB8-E9D1-477E-9A58-E700B968EF28}
		{51FDF60E-B64D-4A52-88FF-E04FBCCC9DBB} = {033D0AB8-E9D1-477E-9A58-E700B968EF28}
		{00570C62-75A6-4DA7-8B83-944B9197C9F6} = {033D0AB8-E9D1-477E-9A58-E700B968EF28}
		{4181C258-B53E-4032-9119-02B4DAAA8BBD} = {9197F56F-8CAF-45DC-9469-3BB6D31FB94A}
		{8C832F92-F006-4146-A2AA-EE5E1E6CE121} = {9197F56F-8CAF-45DC-9469-3BB6D31FB94A}
		{175030EE-2A10-44E9-BD49-D0C25FF7BCC4} = {9197F56F-8CAF-45DC-9469-3BB6D31FB94A}
		{30C41F77-5188-4DC7-8845-3B7C2D7656D7} = {9197F56F-8CAF-45DC-9469-3BB6D31FB94A}
	EndGlobalSection
EndGlobal
